
Microsoft Visual Studio Solution File, Format Version 12.00
# Visual Studio 15
VisualStudioVersion = 15.0.27130.2003
MinimumVisualStudioVersion = 10.0.40219.1
Project("{8BC9CEB8-8B4A-11D0-8D11-00A0C91BC942}") = "KR3", "KR3\KR3.vcxproj", "{1FC76B4A-3F5A-41F6-8904-929322197054}"
EndProject
Global
	GlobalSection(SolutionConfigurationPlatforms) = preSolution
		Debug|x64 = Debug|x64
		Debug|x86 = Debug|x86
		Release|x64 = Release|x64
		Release|x86 = Release|x86
	EndGlobalSection
	GlobalSection(ProjectConfigurationPlatforms) = postSolution
		{1FC76B4A-3F5A-41F6-8904-929322197054}.Debug|x64.ActiveCfg = Debug|x64
		{1FC76B4A-3F5A-41F6-8904-929322197054}.Debug|x64.Build.0 = Debug|x64
		{1FC76B4A-3F5A-41F6-8904-929322197054}.Debug|x86.ActiveCfg = Debug|Win32
		{1FC76B4A-3F5A-41F6-8904-929322197054}.Debug|x86.Build.0 = Debug|Win32
		{1FC76B4A-3F5A-41F6-8904-929322197054}.Release|x64.ActiveCfg = Release|x64
		{1FC76B4A-3F5A-41F6-8904-929322197054}.Release|x64.Build.0 = Release|x64
		{1FC76B4A-3F5A-41F6-8904-929322197054}.Release|x86.ActiveCfg = Release|Win32
		{1FC76B4A-3F5A-41F6-8904-929322197054}.Release|x86.Build.0 = Release|Win32
	EndGlobalSection
	GlobalSection(SolutionProperties) = preSolution
		HideSolutionNode = FALSE
	EndGlobalSection
	GlobalSection(ExtensibilityGlobals) = postSolution
		SolutionGuid = {F6BF6462-1C59-4141-A8AC-F61083F328F7}
	EndGlobalSection
EndGlobal
