
Microsoft Visual Studio Solution File, Format Version 12.00
# Visual Studio 15
VisualStudioVersion = 15.0.27130.2010
MinimumVisualStudioVersion = 10.0.40219.1
Project("{8BC9CEB8-8B4A-11D0-8D11-00A0C91BC942}") = "AVL_Tree_not_rec", "AVL_Tree_not_rec\AVL_Tree_not_rec.vcxproj", "{409B4038-26D3-43AB-B261-29CD698AADF4}"
EndProject
Global
	GlobalSection(SolutionConfigurationPlatforms) = preSolution
		Debug|x64 = Debug|x64
		Debug|x86 = Debug|x86
		Release|x64 = Release|x64
		Release|x86 = Release|x86
	EndGlobalSection
	GlobalSection(ProjectConfigurationPlatforms) = postSolution
		{409B4038-26D3-43AB-B261-29CD698AADF4}.Debug|x64.ActiveCfg = Debug|x64
		{409B4038-26D3-43AB-B261-29CD698AADF4}.Debug|x64.Build.0 = Debug|x64
		{409B4038-26D3-43AB-B261-29CD698AADF4}.Debug|x86.ActiveCfg = Debug|Win32
		{409B4038-26D3-43AB-B261-29CD698AADF4}.Debug|x86.Build.0 = Debug|Win32
		{409B4038-26D3-43AB-B261-29CD698AADF4}.Release|x64.ActiveCfg = Release|x64
		{409B4038-26D3-43AB-B261-29CD698AADF4}.Release|x64.Build.0 = Release|x64
		{409B4038-26D3-43AB-B261-29CD698AADF4}.Release|x86.ActiveCfg = Release|Win32
		{409B4038-26D3-43AB-B261-29CD698AADF4}.Release|x86.Build.0 = Release|Win32
	EndGlobalSection
	GlobalSection(SolutionProperties) = preSolution
		HideSolutionNode = FALSE
	EndGlobalSection
	GlobalSection(ExtensibilityGlobals) = postSolution
		SolutionGuid = {4EDC4416-BA85-42DC-AAF4-479961BCD43B}
	EndGlobalSection
EndGlobal
